
Microsoft Visual Studio Solution File, Format Version 12.00
# Visual Studio Version 17
VisualStudioVersion = 17.0.31903.59
MinimumVisualStudioVersion = 10.0.40219.1
Project("{FAE04EC0-301F-11D3-BF4B-00C04F79EFBC}") = "day01", "day01\day01.csproj", "{3A2B8FBB-8BB0-485C-9D25-1408226B9A33}"
EndProject
Project("{FAE04EC0-301F-11D3-BF4B-00C04F79EFBC}") = "day02", "day02\day02.csproj", "{539B3678-21AE-4E17-AE89-7DD96DB80356}"
EndProject
Project("{FAE04EC0-301F-11D3-BF4B-00C04F79EFBC}") = "day03", "day03\day03.csproj", "{179571FE-5666-40D9-AA24-A01511B5A15B}"
EndProject
Project("{FAE04EC0-301F-11D3-BF4B-00C04F79EFBC}") = "day04", "day04\day04.csproj", "{AD5194D8-5775-4496-B73D-3B073B549CB5}"
EndProject
Project("{FAE04EC0-301F-11D3-BF4B-00C04F79EFBC}") = "day05", "day05\day05.csproj", "{1992D85E-8698-4B38-9235-F1D0D9BCCD0C}"
EndProject
Project("{FAE04EC0-301F-11D3-BF4B-00C04F79EFBC}") = "day06", "day06\day06.csproj", "{A4C8683A-1C77-4B69-8DF1-C13216BE25DB}"
EndProject
Project("{FAE04EC0-301F-11D3-BF4B-00C04F79EFBC}") = "day07", "day07\day07.csproj", "{5F74503D-39F1-470C-AAA5-11DB7DF4D74F}"
EndProject
Project("{FAE04EC0-301F-11D3-BF4B-00C04F79EFBC}") = "day08", "day08\day08.csproj", "{1A433C49-B499-43EC-A09B-D079098EF88A}"
EndProject
Project("{FAE04EC0-301F-11D3-BF4B-00C04F79EFBC}") = "day09", "day09\day09.csproj", "{33A3E706-AC2A-4C72-A50F-6B64B421DC6A}"
EndProject
Project("{FAE04EC0-301F-11D3-BF4B-00C04F79EFBC}") = "day10", "day10\day10.csproj", "{8E1A5ECE-6BBD-490F-A5A6-FEC77CBCD4AE}"
EndProject
Project("{FAE04EC0-301F-11D3-BF4B-00C04F79EFBC}") = "day11", "day11\day11.csproj", "{2BD6FD14-F37F-4E7E-82E5-9C0DE94EC627}"
EndProject
Project("{FAE04EC0-301F-11D3-BF4B-00C04F79EFBC}") = "day12", "day12\day12.csproj", "{53CD34C0-F46C-46C7-9044-8166F073D41E}"
EndProject
Project("{FAE04EC0-301F-11D3-BF4B-00C04F79EFBC}") = "day13", "day13\day13.csproj", "{28D5CAB1-C4BF-45C0-A883-53638B8DCE71}"
EndProject
Project("{FAE04EC0-301F-11D3-BF4B-00C04F79EFBC}") = "day14", "day14\day14.csproj", "{4D0997AE-238D-4E91-948A-C429772BEE7D}"
EndProject
Project("{FAE04EC0-301F-11D3-BF4B-00C04F79EFBC}") = "day15", "day15\day15.csproj", "{96E8AB33-C4CB-4663-9CB4-1D3332F63BA5}"
EndProject
Project("{FAE04EC0-301F-11D3-BF4B-00C04F79EFBC}") = "day16", "day16\day16.csproj", "{27D0C46F-E829-4BE2-A7F6-B772A94A7C4C}"
EndProject
Project("{FAE04EC0-301F-11D3-BF4B-00C04F79EFBC}") = "day17", "day17\day17.csproj", "{ECFEF59D-6A85-4A9E-BFEF-8466CAA7C0BE}"
EndProject
Project("{FAE04EC0-301F-11D3-BF4B-00C04F79EFBC}") = "day18", "day18\day18.csproj", "{9FC9CCCC-2279-490E-BADF-874ACDD42E16}"
EndProject
Global
	GlobalSection(SolutionConfigurationPlatforms) = preSolution
		Debug|Any CPU = Debug|Any CPU
		Release|Any CPU = Release|Any CPU
	EndGlobalSection
	GlobalSection(SolutionProperties) = preSolution
		HideSolutionNode = FALSE
	EndGlobalSection
	GlobalSection(ProjectConfigurationPlatforms) = postSolution
		{3A2B8FBB-8BB0-485C-9D25-1408226B9A33}.Debug|Any CPU.ActiveCfg = Debug|Any CPU
		{3A2B8FBB-8BB0-485C-9D25-1408226B9A33}.Debug|Any CPU.Build.0 = Debug|Any CPU
		{3A2B8FBB-8BB0-485C-9D25-1408226B9A33}.Release|Any CPU.ActiveCfg = Release|Any CPU
		{3A2B8FBB-8BB0-485C-9D25-1408226B9A33}.Release|Any CPU.Build.0 = Release|Any CPU
		{539B3678-21AE-4E17-AE89-7DD96DB80356}.Debug|Any CPU.ActiveCfg = Debug|Any CPU
		{539B3678-21AE-4E17-AE89-7DD96DB80356}.Debug|Any CPU.Build.0 = Debug|Any CPU
		{539B3678-21AE-4E17-AE89-7DD96DB80356}.Release|Any CPU.ActiveCfg = Release|Any CPU
		{539B3678-21AE-4E17-AE89-7DD96DB80356}.Release|Any CPU.Build.0 = Release|Any CPU
		{179571FE-5666-40D9-AA24-A01511B5A15B}.Debug|Any CPU.ActiveCfg = Debug|Any CPU
		{179571FE-5666-40D9-AA24-A01511B5A15B}.Debug|Any CPU.Build.0 = Debug|Any CPU
		{179571FE-5666-40D9-AA24-A01511B5A15B}.Release|Any CPU.ActiveCfg = Release|Any CPU
		{179571FE-5666-40D9-AA24-A01511B5A15B}.Release|Any CPU.Build.0 = Release|Any CPU
		{AD5194D8-5775-4496-B73D-3B073B549CB5}.Debug|Any CPU.ActiveCfg = Debug|Any CPU
		{AD5194D8-5775-4496-B73D-3B073B549CB5}.Debug|Any CPU.Build.0 = Debug|Any CPU
		{AD5194D8-5775-4496-B73D-3B073B549CB5}.Release|Any CPU.ActiveCfg = Release|Any CPU
		{AD5194D8-5775-4496-B73D-3B073B549CB5}.Release|Any CPU.Build.0 = Release|Any CPU
		{1992D85E-8698-4B38-9235-F1D0D9BCCD0C}.Debug|Any CPU.ActiveCfg = Debug|Any CPU
		{1992D85E-8698-4B38-9235-F1D0D9BCCD0C}.Debug|Any CPU.Build.0 = Debug|Any CPU
		{1992D85E-8698-4B38-9235-F1D0D9BCCD0C}.Release|Any CPU.ActiveCfg = Release|Any CPU
		{1992D85E-8698-4B38-9235-F1D0D9BCCD0C}.Release|Any CPU.Build.0 = Release|Any CPU
		{A4C8683A-1C77-4B69-8DF1-C13216BE25DB}.Debug|Any CPU.ActiveCfg = Debug|Any CPU
		{A4C8683A-1C77-4B69-8DF1-C13216BE25DB}.Debug|Any CPU.Build.0 = Debug|Any CPU
		{A4C8683A-1C77-4B69-8DF1-C13216BE25DB}.Release|Any CPU.ActiveCfg = Release|Any CPU
		{A4C8683A-1C77-4B69-8DF1-C13216BE25DB}.Release|Any CPU.Build.0 = Release|Any CPU
		{5F74503D-39F1-470C-AAA5-11DB7DF4D74F}.Debug|Any CPU.ActiveCfg = Debug|Any CPU
		{5F74503D-39F1-470C-AAA5-11DB7DF4D74F}.Debug|Any CPU.Build.0 = Debug|Any CPU
		{5F74503D-39F1-470C-AAA5-11DB7DF4D74F}.Release|Any CPU.ActiveCfg = Release|Any CPU
		{5F74503D-39F1-470C-AAA5-11DB7DF4D74F}.Release|Any CPU.Build.0 = Release|Any CPU
		{1A433C49-B499-43EC-A09B-D079098EF88A}.Debug|Any CPU.ActiveCfg = Debug|Any CPU
		{1A433C49-B499-43EC-A09B-D079098EF88A}.Debug|Any CPU.Build.0 = Debug|Any CPU
		{1A433C49-B499-43EC-A09B-D079098EF88A}.Release|Any CPU.ActiveCfg = Release|Any CPU
		{1A433C49-B499-43EC-A09B-D079098EF88A}.Release|Any CPU.Build.0 = Release|Any CPU
		{33A3E706-AC2A-4C72-A50F-6B64B421DC6A}.Debug|Any CPU.ActiveCfg = Debug|Any CPU
		{33A3E706-AC2A-4C72-A50F-6B64B421DC6A}.Debug|Any CPU.Build.0 = Debug|Any CPU
		{33A3E706-AC2A-4C72-A50F-6B64B421DC6A}.Release|Any CPU.ActiveCfg = Release|Any CPU
		{33A3E706-AC2A-4C72-A50F-6B64B421DC6A}.Release|Any CPU.Build.0 = Release|Any CPU
		{8E1A5ECE-6BBD-490F-A5A6-FEC77CBCD4AE}.Debug|Any CPU.ActiveCfg = Debug|Any CPU
		{8E1A5ECE-6BBD-490F-A5A6-FEC77CBCD4AE}.Debug|Any CPU.Build.0 = Debug|Any CPU
		{8E1A5ECE-6BBD-490F-A5A6-FEC77CBCD4AE}.Release|Any CPU.ActiveCfg = Release|Any CPU
		{8E1A5ECE-6BBD-490F-A5A6-FEC77CBCD4AE}.Release|Any CPU.Build.0 = Release|Any CPU
		{2BD6FD14-F37F-4E7E-82E5-9C0DE94EC627}.Debug|Any CPU.ActiveCfg = Debug|Any CPU
		{2BD6FD14-F37F-4E7E-82E5-9C0DE94EC627}.Debug|Any CPU.Build.0 = Debug|Any CPU
		{2BD6FD14-F37F-4E7E-82E5-9C0DE94EC627}.Release|Any CPU.ActiveCfg = Release|Any CPU
		{2BD6FD14-F37F-4E7E-82E5-9C0DE94EC627}.Release|Any CPU.Build.0 = Release|Any CPU
		{53CD34C0-F46C-46C7-9044-8166F073D41E}.Debug|Any CPU.ActiveCfg = Debug|Any CPU
		{53CD34C0-F46C-46C7-9044-8166F073D41E}.Debug|Any CPU.Build.0 = Debug|Any CPU
		{53CD34C0-F46C-46C7-9044-8166F073D41E}.Release|Any CPU.ActiveCfg = Release|Any CPU
		{53CD34C0-F46C-46C7-9044-8166F073D41E}.Release|Any CPU.Build.0 = Release|Any CPU
		{28D5CAB1-C4BF-45C0-A883-53638B8DCE71}.Debug|Any CPU.ActiveCfg = Debug|Any CPU
		{28D5CAB1-C4BF-45C0-A883-53638B8DCE71}.Debug|Any CPU.Build.0 = Debug|Any CPU
		{28D5CAB1-C4BF-45C0-A883-53638B8DCE71}.Release|Any CPU.ActiveCfg = Release|Any CPU
		{28D5CAB1-C4BF-45C0-A883-53638B8DCE71}.Release|Any CPU.Build.0 = Release|Any CPU
		{4D0997AE-238D-4E91-948A-C429772BEE7D}.Debug|Any CPU.ActiveCfg = Debug|Any CPU
		{4D0997AE-238D-4E91-948A-C429772BEE7D}.Debug|Any CPU.Build.0 = Debug|Any CPU
		{4D0997AE-238D-4E91-948A-C429772BEE7D}.Release|Any CPU.ActiveCfg = Release|Any CPU
		{4D0997AE-238D-4E91-948A-C429772BEE7D}.Release|Any CPU.Build.0 = Release|Any CPU
		{96E8AB33-C4CB-4663-9CB4-1D3332F63BA5}.Debug|Any CPU.ActiveCfg = Debug|Any CPU
		{96E8AB33-C4CB-4663-9CB4-1D3332F63BA5}.Debug|Any CPU.Build.0 = Debug|Any CPU
		{96E8AB33-C4CB-4663-9CB4-1D3332F63BA5}.Release|Any CPU.ActiveCfg = Release|Any CPU
		{96E8AB33-C4CB-4663-9CB4-1D3332F63BA5}.Release|Any CPU.Build.0 = Release|Any CPU
		{27D0C46F-E829-4BE2-A7F6-B772A94A7C4C}.Debug|Any CPU.ActiveCfg = Debug|Any CPU
		{27D0C46F-E829-4BE2-A7F6-B772A94A7C4C}.Debug|Any CPU.Build.0 = Debug|Any CPU
		{27D0C46F-E829-4BE2-A7F6-B772A94A7C4C}.Release|Any CPU.ActiveCfg = Release|Any CPU
		{27D0C46F-E829-4BE2-A7F6-B772A94A7C4C}.Release|Any CPU.Build.0 = Release|Any CPU
		{ECFEF59D-6A85-4A9E-BFEF-8466CAA7C0BE}.Debug|Any CPU.ActiveCfg = Debug|Any CPU
		{ECFEF59D-6A85-4A9E-BFEF-8466CAA7C0BE}.Debug|Any CPU.Build.0 = Debug|Any CPU
		{ECFEF59D-6A85-4A9E-BFEF-8466CAA7C0BE}.Release|Any CPU.ActiveCfg = Release|Any CPU
		{ECFEF59D-6A85-4A9E-BFEF-8466CAA7C0BE}.Release|Any CPU.Build.0 = Release|Any CPU
		{9FC9CCCC-2279-490E-BADF-874ACDD42E16}.Debug|Any CPU.ActiveCfg = Debug|Any CPU
		{9FC9CCCC-2279-490E-BADF-874ACDD42E16}.Debug|Any CPU.Build.0 = Debug|Any CPU
		{9FC9CCCC-2279-490E-BADF-874ACDD42E16}.Release|Any CPU.ActiveCfg = Release|Any CPU
		{9FC9CCCC-2279-490E-BADF-874ACDD42E16}.Release|Any CPU.Build.0 = Release|Any CPU
	EndGlobalSection
EndGlobal
