
Microsoft Visual Studio Solution File, Format Version 12.00
# Visual Studio Version 17
VisualStudioVersion = 17.0.31903.59
MinimumVisualStudioVersion = 10.0.40219.1
Project("{FAE04EC0-301F-11D3-BF4B-00C04F79EFBC}") = "day01", "day01\day01.csproj", "{3A2B8FBB-8BB0-485C-9D25-1408226B9A33}"
EndProject
Project("{FAE04EC0-301F-11D3-BF4B-00C04F79EFBC}") = "day02", "day02\day02.csproj", "{539B3678-21AE-4E17-AE89-7DD96DB80356}"
EndProject
Project("{FAE04EC0-301F-11D3-BF4B-00C04F79EFBC}") = "day03", "day03\day03.csproj", "{179571FE-5666-40D9-AA24-A01511B5A15B}"
EndProject
Project("{FAE04EC0-301F-11D3-BF4B-00C04F79EFBC}") = "day04", "day04\day04.csproj", "{AD5194D8-5775-4496-B73D-3B073B549CB5}"
EndProject
Project("{FAE04EC0-301F-11D3-BF4B-00C04F79EFBC}") = "day05", "day05\day05.csproj", "{1992D85E-8698-4B38-9235-F1D0D9BCCD0C}"
EndProject
Project("{FAE04EC0-301F-11D3-BF4B-00C04F79EFBC}") = "day06", "day06\day06.csproj", "{A4C8683A-1C77-4B69-8DF1-C13216BE25DB}"
EndProject
Project("{FAE04EC0-301F-11D3-BF4B-00C04F79EFBC}") = "day07", "day07\day07.csproj", "{5F74503D-39F1-470C-AAA5-11DB7DF4D74F}"
EndProject
Project("{FAE04EC0-301F-11D3-BF4B-00C04F79EFBC}") = "day08", "day08\day08.csproj", "{1A433C49-B499-43EC-A09B-D079098EF88A}"
EndProject
Global
	GlobalSection(SolutionConfigurationPlatforms) = preSolution
		Debug|Any CPU = Debug|Any CPU
		Release|Any CPU = Release|Any CPU
	EndGlobalSection
	GlobalSection(SolutionProperties) = preSolution
		HideSolutionNode = FALSE
	EndGlobalSection
	GlobalSection(ProjectConfigurationPlatforms) = postSolution
		{3A2B8FBB-8BB0-485C-9D25-1408226B9A33}.Debug|Any CPU.ActiveCfg = Debug|Any CPU
		{3A2B8FBB-8BB0-485C-9D25-1408226B9A33}.Debug|Any CPU.Build.0 = Debug|Any CPU
		{3A2B8FBB-8BB0-485C-9D25-1408226B9A33}.Release|Any CPU.ActiveCfg = Release|Any CPU
		{3A2B8FBB-8BB0-485C-9D25-1408226B9A33}.Release|Any CPU.Build.0 = Release|Any CPU
		{539B3678-21AE-4E17-AE89-7DD96DB80356}.Debug|Any CPU.ActiveCfg = Debug|Any CPU
		{539B3678-21AE-4E17-AE89-7DD96DB80356}.Debug|Any CPU.Build.0 = Debug|Any CPU
		{539B3678-21AE-4E17-AE89-7DD96DB80356}.Release|Any CPU.ActiveCfg = Release|Any CPU
		{539B3678-21AE-4E17-AE89-7DD96DB80356}.Release|Any CPU.Build.0 = Release|Any CPU
		{179571FE-5666-40D9-AA24-A01511B5A15B}.Debug|Any CPU.ActiveCfg = Debug|Any CPU
		{179571FE-5666-40D9-AA24-A01511B5A15B}.Debug|Any CPU.Build.0 = Debug|Any CPU
		{179571FE-5666-40D9-AA24-A01511B5A15B}.Release|Any CPU.ActiveCfg = Release|Any CPU
		{179571FE-5666-40D9-AA24-A01511B5A15B}.Release|Any CPU.Build.0 = Release|Any CPU
		{AD5194D8-5775-4496-B73D-3B073B549CB5}.Debug|Any CPU.ActiveCfg = Debug|Any CPU
		{AD5194D8-5775-4496-B73D-3B073B549CB5}.Debug|Any CPU.Build.0 = Debug|Any CPU
		{AD5194D8-5775-4496-B73D-3B073B549CB5}.Release|Any CPU.ActiveCfg = Release|Any CPU
		{AD5194D8-5775-4496-B73D-3B073B549CB5}.Release|Any CPU.Build.0 = Release|Any CPU
		{1992D85E-8698-4B38-9235-F1D0D9BCCD0C}.Debug|Any CPU.ActiveCfg = Debug|Any CPU
		{1992D85E-8698-4B38-9235-F1D0D9BCCD0C}.Debug|Any CPU.Build.0 = Debug|Any CPU
		{1992D85E-8698-4B38-9235-F1D0D9BCCD0C}.Release|Any CPU.ActiveCfg = Release|Any CPU
		{1992D85E-8698-4B38-9235-F1D0D9BCCD0C}.Release|Any CPU.Build.0 = Release|Any CPU
		{A4C8683A-1C77-4B69-8DF1-C13216BE25DB}.Debug|Any CPU.ActiveCfg = Debug|Any CPU
		{A4C8683A-1C77-4B69-8DF1-C13216BE25DB}.Debug|Any CPU.Build.0 = Debug|Any CPU
		{A4C8683A-1C77-4B69-8DF1-C13216BE25DB}.Release|Any CPU.ActiveCfg = Release|Any CPU
		{A4C8683A-1C77-4B69-8DF1-C13216BE25DB}.Release|Any CPU.Build.0 = Release|Any CPU
		{5F74503D-39F1-470C-AAA5-11DB7DF4D74F}.Debug|Any CPU.ActiveCfg = Debug|Any CPU
		{5F74503D-39F1-470C-AAA5-11DB7DF4D74F}.Debug|Any CPU.Build.0 = Debug|Any CPU
		{5F74503D-39F1-470C-AAA5-11DB7DF4D74F}.Release|Any CPU.ActiveCfg = Release|Any CPU
		{5F74503D-39F1-470C-AAA5-11DB7DF4D74F}.Release|Any CPU.Build.0 = Release|Any CPU
		{1A433C49-B499-43EC-A09B-D079098EF88A}.Debug|Any CPU.ActiveCfg = Debug|Any CPU
		{1A433C49-B499-43EC-A09B-D079098EF88A}.Debug|Any CPU.Build.0 = Debug|Any CPU
		{1A433C49-B499-43EC-A09B-D079098EF88A}.Release|Any CPU.ActiveCfg = Release|Any CPU
		{1A433C49-B499-43EC-A09B-D079098EF88A}.Release|Any CPU.Build.0 = Release|Any CPU
	EndGlobalSection
EndGlobal
